#MicroXplorer Configuration settings - do not modify
#Mon Jun 25 01:15:26 MSK 2018
ADC1.AutoInjectedConv-ADC_Injected_ConversionMode=DISABLE
ADC1.Channel=ADC_CHANNEL_13
ADC1.Channel-0\#ChannelRegularConversion=ADC_CHANNEL_6
ADC1.Channel-IN10=ADC_CHANNEL_10
ADC1.Channel-IN11=ADC_CHANNEL_11
ADC1.Channel-IN12=ADC_CHANNEL_12
ADC1.Channel-IN13=ADC_CHANNEL_13
ADC1.Channel-IN14=ADC_CHANNEL_14
ADC1.Channel-IN6=ADC_CHANNEL_6
ADC1.Channel-IN7=ADC_CHANNEL_7
ADC1.Channel-IN8=ADC_CHANNEL_8
ADC1.IPParameters=NbrOfConversionFlag,Channel-0\#ChannelRegularConversion,Channel-IN7,Channel,Channel-IN8,Channel-IN6,Rank-0\#ChannelRegularConversion,AutoInjectedConv-ADC_Injected_ConversionMode,Channel-IN10,master,Channel-IN11,Channel-IN12,Channel-IN13,Channel-IN14,SamplingTime-0\#ChannelRegularConversion,InjectedDiscontinuousConvMode-ADC_Injected_ConversionMode
ADC1.InjectedDiscontinuousConvMode-ADC_Injected_ConversionMode=DISABLE
ADC1.NbrOfConversionFlag=1
ADC1.Rank-0\#ChannelRegularConversion=1
ADC1.SamplingTime-0\#ChannelRegularConversion=ADC_SAMPLETIME_3CYCLES
ADC1.master=1
ADC2.AutoInjectedConv-ADC_Injected_ConversionMode=DISABLE
ADC2.Channel-0\#ChannelRegularConversion=ADC_CHANNEL_15
ADC2.Channel-IN15=ADC_CHANNEL_15
ADC2.IPParameters=NbrOfConversionFlag,Channel-IN15,Channel-0\#ChannelRegularConversion,SamplingTime-0\#ChannelRegularConversion,Rank-0\#ChannelRegularConversion,AutoInjectedConv-ADC_Injected_ConversionMode,InjectedDiscontinuousConvMode-ADC_Injected_ConversionMode
ADC2.InjectedDiscontinuousConvMode-ADC_Injected_ConversionMode=DISABLE
ADC2.NbrOfConversionFlag=1
ADC2.Rank-0\#ChannelRegularConversion=1
ADC2.SamplingTime-0\#ChannelRegularConversion=ADC_SAMPLETIME_3CYCLES
DAC.DAC_Channel-DAC_OUT1=DAC_CHANNEL_1
DAC.DAC_Channel2-DAC_OUT2=DAC_CHANNEL_2
DAC.IPParameters=WaveGeneration2-DAC_OUT2,DAC_Channel2-DAC_OUT2,DAC_Channel-DAC_OUT1,WaveGeneration-DAC_OUT1
DAC.WaveGeneration-DAC_OUT1=DISABLE
DAC.WaveGeneration2-DAC_OUT2=DISABLE
File.Version=4
KeepUserPlacement=false
Mcu.Family=STM32F4
Mcu.IP0=ADC1
Mcu.IP1=ADC2
Mcu.IP10=TIM4
Mcu.IP11=TIM5
Mcu.IP12=TIM8
Mcu.IP13=USART3
Mcu.IP14=USB_OTG_FS
Mcu.IP2=CAN1
Mcu.IP3=DAC
Mcu.IP4=NVIC
Mcu.IP5=RCC
Mcu.IP6=SPI3
Mcu.IP7=TIM1
Mcu.IP8=TIM2
Mcu.IP9=TIM3
Mcu.IPNb=15
Mcu.Name=STM32F405RGTx
Mcu.Package=LQFP64
Mcu.Pin0=PC13-ANTI_TAMP
Mcu.Pin1=PC14-OSC32_IN
Mcu.Pin10=PA3
Mcu.Pin11=PA4
Mcu.Pin12=PA5
Mcu.Pin13=PA6
Mcu.Pin14=PA7
Mcu.Pin15=PC4
Mcu.Pin16=PC5
Mcu.Pin17=PB0
Mcu.Pin18=PB1
Mcu.Pin19=PB10
Mcu.Pin2=PC15-OSC32_OUT
Mcu.Pin20=PB11
Mcu.Pin21=PB14
Mcu.Pin22=PB15
Mcu.Pin23=PC6
Mcu.Pin24=PC7
Mcu.Pin25=PC8
Mcu.Pin26=PC9
Mcu.Pin27=PA8
Mcu.Pin28=PA9
Mcu.Pin29=PA10
Mcu.Pin3=PC0
Mcu.Pin30=PA11
Mcu.Pin31=PA12
Mcu.Pin32=PA15
Mcu.Pin33=PC10
Mcu.Pin34=PC11
Mcu.Pin35=PC12
Mcu.Pin36=PB3
Mcu.Pin37=PB4
Mcu.Pin38=PB5
Mcu.Pin39=PB6
Mcu.Pin4=PC1
Mcu.Pin40=PB7
Mcu.Pin41=PB8
Mcu.Pin42=PB9
Mcu.Pin5=PC2
Mcu.Pin6=PC3
Mcu.Pin7=PA0-WKUP
Mcu.Pin8=PA1
Mcu.Pin9=PA2
Mcu.PinsNb=43
Mcu.UserName=STM32F405RGTx
NVIC.OTG_FS_WKUP_IRQn=true\:0\:0
NVIC.PriorityGroup=NVIC_PRIORITYGROUP_4
NVIC.SysTick_IRQn=true\:0\:0
PA0-WKUP.Locked=true
PA0-WKUP.Signal=S_TIM5_CH1
PA1.Locked=true
PA1.Signal=S_TIM5_CH2
PA10.Signal=S_TIM1_CH3
PA11.Mode=Device_Only
PA11.Signal=USB_OTG_FS_DM
PA12.Mode=Device_Only
PA12.Signal=USB_OTG_FS_DP
PA15.Locked=true
PA15.Signal=S_TIM2_CH1_ETR
PA2.Locked=true
PA2.Signal=S_TIM5_CH3
PA3.Locked=true
PA3.Signal=S_TIM5_CH4
PA4.Signal=COMP_DAC1_group
PA5.Signal=COMP_DAC2_group
PA6.Locked=true
PA6.Signal=ADCx_IN6
PA7.Locked=true
PA7.Signal=ADCx_IN7
PA8.Locked=true
PA8.Signal=S_TIM1_CH1
PA9.Signal=S_TIM1_CH2
PB0.Locked=true
PB0.Signal=ADCx_IN8
PB1.Locked=true
PB1.Signal=S_TIM3_CH4
PB10.Mode=Asynchronous
PB10.Signal=USART3_TX
PB11.Mode=Asynchronous
PB11.Signal=USART3_RX
PB14.Locked=true
PB14.Mode=Output Compare2 CH2 CH2N
PB14.Signal=TIM1_CH2N
PB15.Locked=true
PB15.Mode=Output Compare3 CH3 CH3N
PB15.Signal=TIM1_CH3N
PB3.Locked=true
PB3.Signal=S_TIM2_CH2
PB4.Locked=true
PB4.Signal=S_TIM3_CH1
PB5.Locked=true
PB5.Signal=S_TIM3_CH2
PB6.Locked=true
PB6.Signal=S_TIM4_CH1
PB7.Locked=true
PB7.Signal=S_TIM4_CH2
PB8.Locked=true
PB8.Mode=Master
PB8.Signal=CAN1_RX
PB9.Locked=true
PB9.Mode=Master
PB9.Signal=CAN1_TX
PC0.Locked=true
PC0.Signal=ADCx_IN10
PC1.Locked=true
PC1.Signal=ADCx_IN11
PC10.Mode=Full_Duplex_Master
PC10.Signal=SPI3_SCK
PC11.Mode=Full_Duplex_Master
PC11.Signal=SPI3_MISO
PC12.Mode=Full_Duplex_Master
PC12.Signal=SPI3_MOSI
PC13-ANTI_TAMP.Locked=true
PC13-ANTI_TAMP.Signal=GPIO_Output
PC14-OSC32_IN.Locked=true
PC14-OSC32_IN.Signal=GPIO_Input
PC15-OSC32_OUT.Locked=true
PC15-OSC32_OUT.Signal=GPIO_Output
PC2.Locked=true
PC2.Signal=ADCx_IN12
PC3.Locked=true
PC3.Signal=ADCx_IN13
PC4.Locked=true
PC4.Signal=ADCx_IN14
PC5.Locked=true
PC5.Signal=ADCx_IN15
PC6.Locked=true
PC6.Signal=S_TIM8_CH1
PC7.Locked=true
PC7.Signal=S_TIM8_CH2
PC8.Locked=true
PC8.Signal=S_TIM3_CH3
PC9.Locked=true
PC9.Signal=S_TIM8_CH4
PCC.Family=STM32F4
PCC.MCU=STM32F405RGTx
PCC.MXVersion=4.4.0
PCC.PartNumber=STM32F405RGTx
PCC.Seq0=0
PCC.SubFamily=STM32F405/415
PCC.Temperature=25
PCC.Vdd=3.3
RCC.48MHZClocksFreq_Value=48000000
RCC.AHBFreq_Value=16000000
RCC.APB1Freq_Value=16000000
RCC.APB2Freq_Value=16000000
RCC.EnableExtClockForI2S-ClockTree=false
RCC.EnableHSE-ClockTree=false
RCC.EnableHSERTCDevisor-ClockTree=false
RCC.EnableLSE-ClockTree=false
RCC.EnableLSERTC-ClockTree=false
RCC.ExtClockEnable-ClockTree=false
RCC.FLatency-AdvancedSettings=FLASH_LATENCY_0
RCC.FamilyName=M
RCC.HSEState-ClockTree=RCC_HSE_OFF
RCC.HSE_VALUE=25000000
RCC.HSIState-ClockTree=RCC_HSI_ON
RCC.HSI_VALUE=16000000
RCC.I2SClocksFreq_Value=96000000
RCC.I2SEnable-ClockTree=false
RCC.IPParameters=EnableHSERTCDevisor-ClockTree,RTCFreq_Value,LSI_VALUE,FamilyName,OscillatorTypeHSI-ClockTree,FLatency-AdvancedSettings,APB2Freq_Value,OscillatorTypeHSE-ClockTree,USBFSEnable-ClockTree,I2SEnable-ClockTree,USBHSEnable-ClockTree,PLLSourceVirtualString,OscillatorTypeLSI-ClockTree,AHBFreq_Value,48MHZClocksFreq_Value,EnableLSE-ClockTree,VCOInputFreq_Value,I2SClocksFreq_Value,VCOOutputFreq_Value,SYSCLKFreq_VALUE,EnableHSE-ClockTree,VcooutputI2S,EnableExtClockForI2S-ClockTree,HSIState-ClockTree,LSE_VALUE,APB1Freq_Value,HSE_VALUE,PWR_Regulator_Voltage_Scale-AdvancedSettings,MCO1OutPutEnable-ClockTree,HSI_VALUE,SDIOEnable-ClockTree,LSIState-ClockTree,EnableLSERTC-ClockTree,IWDGEnable-ClockTree,VCOI2SOutputFreq_Value,PLLState-ClockTree,RNGEnable-ClockTree,RTCHSEDivFreq_Value,MCO2OutPutEnable-ClockTree,PLLCLKFreq_Value,HSEState-ClockTree,ExtClockEnable-ClockTree,RTCEnable-ClockTree
RCC.IWDGEnable-ClockTree=false
RCC.LSE_VALUE=32768
RCC.LSIState-ClockTree=RCC_LSI_OFF
RCC.LSI_VALUE=32000
RCC.MCO1OutPutEnable-ClockTree=false
RCC.MCO2OutPutEnable-ClockTree=false
RCC.OscillatorTypeHSE-ClockTree=
RCC.OscillatorTypeHSI-ClockTree=RCC_OSCILLATORTYPE_HSI
RCC.OscillatorTypeLSI-ClockTree=
RCC.PLLCLKFreq_Value=96000000
RCC.PLLSourceVirtualString=RCC_PLLSOURCE_HSI
RCC.PLLState-ClockTree=RCC_PLL_ON
RCC.PWR_Regulator_Voltage_Scale-AdvancedSettings=PWR_REGULATOR_VOLTAGE_SCALE2
RCC.RNGEnable-ClockTree=false
RCC.RTCEnable-ClockTree=false
RCC.RTCFreq_Value=32000
RCC.RTCHSEDivFreq_Value=12500000
RCC.SDIOEnable-ClockTree=false
RCC.SYSCLKFreq_VALUE=16000000
RCC.USBFSEnable-ClockTree=true
RCC.USBHSEnable-ClockTree=false
RCC.VCOI2SOutputFreq_Value=192000000
RCC.VCOInputFreq_Value=1000000
RCC.VCOOutputFreq_Value=192000000
RCC.VcooutputI2S=96000000
SH.ADCx_IN10.0=ADC1_IN10,IN10
SH.ADCx_IN10.ConfNb=1
SH.ADCx_IN11.0=ADC1_IN11,IN11
SH.ADCx_IN11.ConfNb=1
SH.ADCx_IN12.0=ADC1_IN12,IN12
SH.ADCx_IN12.ConfNb=1
SH.ADCx_IN13.0=ADC1_IN13,IN13
SH.ADCx_IN13.ConfNb=1
SH.ADCx_IN14.0=ADC1_IN14,IN14
SH.ADCx_IN14.ConfNb=1
SH.ADCx_IN15.0=ADC2_IN15,IN15
SH.ADCx_IN15.ConfNb=1
SH.ADCx_IN6.0=ADC1_IN6,IN6
SH.ADCx_IN6.ConfNb=1
SH.ADCx_IN7.0=ADC1_IN7,IN7
SH.ADCx_IN7.ConfNb=1
SH.ADCx_IN8.0=ADC1_IN8,IN8
SH.ADCx_IN8.ConfNb=1
SH.COMP_DAC1_group.0=DAC_OUT1,DAC_OUT1
SH.COMP_DAC1_group.ConfNb=1
SH.COMP_DAC2_group.0=DAC_OUT2,DAC_OUT2
SH.COMP_DAC2_group.ConfNb=1
SH.S_TIM1_CH1.0=TIM1_CH1
SH.S_TIM1_CH1.ConfNb=1
SH.S_TIM1_CH2.0=TIM1_CH2,Output Compare2 CH2 CH2N
SH.S_TIM1_CH2.ConfNb=1
SH.S_TIM1_CH3.0=TIM1_CH3,Output Compare3 CH3 CH3N
SH.S_TIM1_CH3.ConfNb=1
SH.S_TIM2_CH1_ETR.0=TIM2_CH1,Encoder_Interface
SH.S_TIM2_CH1_ETR.ConfNb=1
SH.S_TIM2_CH2.0=TIM2_CH2,Encoder_Interface
SH.S_TIM2_CH2.ConfNb=1
SH.S_TIM3_CH1.0=TIM3_CH1,Xored_Inputs_Hall_Sensor_Interface
SH.S_TIM3_CH1.ConfNb=1
SH.S_TIM3_CH2.0=TIM3_CH2,Xored_Inputs_Hall_Sensor_Interface
SH.S_TIM3_CH2.ConfNb=1
SH.S_TIM3_CH3.0=TIM3_CH3,Xored_Inputs_Hall_Sensor_Interface
SH.S_TIM3_CH3.ConfNb=1
SH.S_TIM3_CH4.0=TIM3_CH4
SH.S_TIM3_CH4.ConfNb=1
SH.S_TIM4_CH1.0=TIM4_CH1,Encoder_Interface
SH.S_TIM4_CH1.ConfNb=1
SH.S_TIM4_CH2.0=TIM4_CH2,Encoder_Interface
SH.S_TIM4_CH2.ConfNb=1
SH.S_TIM5_CH1.0=TIM5_CH1,Xored_Inputs_Hall_Sensor_Interface
SH.S_TIM5_CH1.ConfNb=1
SH.S_TIM5_CH2.0=TIM5_CH2,Xored_Inputs_Hall_Sensor_Interface
SH.S_TIM5_CH2.ConfNb=1
SH.S_TIM5_CH3.0=TIM5_CH3,Xored_Inputs_Hall_Sensor_Interface
SH.S_TIM5_CH3.ConfNb=1
SH.S_TIM5_CH4.0=TIM5_CH4
SH.S_TIM5_CH4.ConfNb=1
SH.S_TIM8_CH1.0=TIM8_CH1,Encoder_Interface
SH.S_TIM8_CH1.ConfNb=1
SH.S_TIM8_CH2.0=TIM8_CH2,Encoder_Interface
SH.S_TIM8_CH2.ConfNb=1
SH.S_TIM8_CH4.0=TIM8_CH4
SH.S_TIM8_CH4.ConfNb=1
SPI3.CalculateBaudRate-Full_Duplex_Master=8.0 MBits/s
SPI3.Direction-Full_Duplex_Master=SPI_DIRECTION_2LINES
SPI3.IPParameters=VirtualType-Full_Duplex_Master,Mode-Full_Duplex_Master,Direction-Full_Duplex_Master,TIMode-Full_Duplex_Master,CalculateBaudRate-Full_Duplex_Master,NSS-Full_Duplex_Master
SPI3.Mode-Full_Duplex_Master=SPI_MODE_MASTER
SPI3.NSS-Full_Duplex_Master=SPI_NSS_SOFT
SPI3.TIMode-Full_Duplex_Master=SPI_TIMODE_DISABLED
SPI3.VirtualType-Full_Duplex_Master=VM_MASTER
TIM1.Channel-Output\ Compare2\ CH2\ CH2N=TIM_CHANNEL_2
TIM1.Channel-Output\ Compare3\ CH3\ CH3N=TIM_CHANNEL_3
TIM1.IPParameters=Channel-Output Compare3 CH3 CH3N,Channel-Output Compare2 CH2 CH2N
TIM2.IC1Selection-Encoder_Interface=TIM_ICSELECTION_DIRECTTI
TIM2.IC2Selection-Encoder_Interface=TIM_ICSELECTION_DIRECTTI
TIM2.IPParameters=IC1Selection-Encoder_Interface,IC2Selection-Encoder_Interface
TIM4.IC1Selection-Encoder_Interface=TIM_ICSELECTION_DIRECTTI
TIM4.IC2Selection-Encoder_Interface=TIM_ICSELECTION_DIRECTTI
TIM4.IPParameters=IC1Selection-Encoder_Interface,IC2Selection-Encoder_Interface
TIM8.IC1Selection-Encoder_Interface=TIM_ICSELECTION_DIRECTTI
TIM8.IC2Selection-Encoder_Interface=TIM_ICSELECTION_DIRECTTI
TIM8.IPParameters=IC1Selection-Encoder_Interface,IC2Selection-Encoder_Interface
USART3.HwFlowCtl-Asynchronous=UART_HWCONTROL_NONE
USART3.IPParameters=HwFlowCtl-Asynchronous,VirtualMode-Asynchronous
USART3.VirtualMode-Asynchronous=VM_ASYNC
USB_OTG_FS.IPParameters=speed-Device_Only,dma_enable-Device_Only,VirtualMode-Device_Only,phy_itface-Device_Only
USB_OTG_FS.VirtualMode-Device_Only=Device_Only
USB_OTG_FS.dma_enable-Device_Only=DISABLE
USB_OTG_FS.phy_itface-Device_Only=PCD_PHY_EMBEDDED
USB_OTG_FS.speed-Device_Only=PCD_SPEED_FULL
